
Microsoft Visual Studio Solution File, Format Version 12.00
# Visual Studio Version 17
VisualStudioVersion = 17.7.34031.279
MinimumVisualStudioVersion = 10.0.40219.1
Project("{FAE04EC0-301F-11D3-BF4B-00C04F79EFBC}") = "L10P_LINQ", "L10P_LINQ\L10P_LINQ.csproj", "{A1B2E780-D969-4563-AE81-DBA6EFF7AFCD}"
EndProject
Global
	GlobalSection(SolutionConfigurationPlatforms) = preSolution
		Debug|Any CPU = Debug|Any CPU
		Release|Any CPU = Release|Any CPU
	EndGlobalSection
	GlobalSection(ProjectConfigurationPlatforms) = postSolution
		{A1B2E780-D969-4563-AE81-DBA6EFF7AFCD}.Debug|Any CPU.ActiveCfg = Debug|Any CPU
		{A1B2E780-D969-4563-AE81-DBA6EFF7AFCD}.Debug|Any CPU.Build.0 = Debug|Any CPU
		{A1B2E780-D969-4563-AE81-DBA6EFF7AFCD}.Release|Any CPU.ActiveCfg = Release|Any CPU
		{A1B2E780-D969-4563-AE81-DBA6EFF7AFCD}.Release|Any CPU.Build.0 = Release|Any CPU
	EndGlobalSection
	GlobalSection(SolutionProperties) = preSolution
		HideSolutionNode = FALSE
	EndGlobalSection
	GlobalSection(ExtensibilityGlobals) = postSolution
		SolutionGuid = {661BCCC1-0860-41F2-88FA-B6953CBBB524}
	EndGlobalSection
EndGlobal
