
Microsoft Visual Studio Solution File, Format Version 12.00
# Visual Studio Version 17
VisualStudioVersion = 17.7.34031.279
MinimumVisualStudioVersion = 10.0.40219.1
Project("{FAE04EC0-301F-11D3-BF4B-00C04F79EFBC}") = "L06_Generics", "L06_Generics\L06_Generics.csproj", "{52E1B86C-4FBC-4DE3-A983-C472E9A0953D}"
EndProject
Global
	GlobalSection(SolutionConfigurationPlatforms) = preSolution
		Debug|Any CPU = Debug|Any CPU
		Release|Any CPU = Release|Any CPU
	EndGlobalSection
	GlobalSection(ProjectConfigurationPlatforms) = postSolution
		{52E1B86C-4FBC-4DE3-A983-C472E9A0953D}.Debug|Any CPU.ActiveCfg = Debug|Any CPU
		{52E1B86C-4FBC-4DE3-A983-C472E9A0953D}.Debug|Any CPU.Build.0 = Debug|Any CPU
		{52E1B86C-4FBC-4DE3-A983-C472E9A0953D}.Release|Any CPU.ActiveCfg = Release|Any CPU
		{52E1B86C-4FBC-4DE3-A983-C472E9A0953D}.Release|Any CPU.Build.0 = Release|Any CPU
	EndGlobalSection
	GlobalSection(SolutionProperties) = preSolution
		HideSolutionNode = FALSE
	EndGlobalSection
	GlobalSection(ExtensibilityGlobals) = postSolution
		SolutionGuid = {8A8D3E16-6640-4386-9D5B-F093ED5CBD5D}
	EndGlobalSection
EndGlobal
