
Microsoft Visual Studio Solution File, Format Version 12.00
# Visual Studio Version 17
VisualStudioVersion = 17.9.34622.214
MinimumVisualStudioVersion = 10.0.40219.1
Project("{9A19103F-16F7-4668-BE54-9A1E7A4F7556}") = "Domain", "Domain\Domain.csproj", "{17A22C47-FF75-453D-92AC-503EF42C50DD}"
EndProject
Project("{FAE04EC0-301F-11D3-BF4B-00C04F79EFBC}") = "Application", "Application\Application.csproj", "{01AAF741-2450-40F5-9567-D582187BD3C2}"
EndProject
Project("{FAE04EC0-301F-11D3-BF4B-00C04F79EFBC}") = "Infrastructure", "Infrastructure\Infrastructure.csproj", "{89461D72-7614-4399-B3F8-918F98C268C8}"
EndProject
Project("{FAE04EC0-301F-11D3-BF4B-00C04F79EFBC}") = "WebApi", "WebApi\WebApi.csproj", "{95CE3592-9C51-482E-8FCD-A721C460E512}"
EndProject
Global
	GlobalSection(SolutionConfigurationPlatforms) = preSolution
		Debug|Any CPU = Debug|Any CPU
		Release|Any CPU = Release|Any CPU
	EndGlobalSection
	GlobalSection(ProjectConfigurationPlatforms) = postSolution
		{17A22C47-FF75-453D-92AC-503EF42C50DD}.Debug|Any CPU.ActiveCfg = Debug|Any CPU
		{17A22C47-FF75-453D-92AC-503EF42C50DD}.Debug|Any CPU.Build.0 = Debug|Any CPU
		{17A22C47-FF75-453D-92AC-503EF42C50DD}.Release|Any CPU.ActiveCfg = Release|Any CPU
		{17A22C47-FF75-453D-92AC-503EF42C50DD}.Release|Any CPU.Build.0 = Release|Any CPU
		{01AAF741-2450-40F5-9567-D582187BD3C2}.Debug|Any CPU.ActiveCfg = Debug|Any CPU
		{01AAF741-2450-40F5-9567-D582187BD3C2}.Debug|Any CPU.Build.0 = Debug|Any CPU
		{01AAF741-2450-40F5-9567-D582187BD3C2}.Release|Any CPU.ActiveCfg = Release|Any CPU
		{01AAF741-2450-40F5-9567-D582187BD3C2}.Release|Any CPU.Build.0 = Release|Any CPU
		{89461D72-7614-4399-B3F8-918F98C268C8}.Debug|Any CPU.ActiveCfg = Debug|Any CPU
		{89461D72-7614-4399-B3F8-918F98C268C8}.Debug|Any CPU.Build.0 = Debug|Any CPU
		{89461D72-7614-4399-B3F8-918F98C268C8}.Release|Any CPU.ActiveCfg = Release|Any CPU
		{89461D72-7614-4399-B3F8-918F98C268C8}.Release|Any CPU.Build.0 = Release|Any CPU
		{95CE3592-9C51-482E-8FCD-A721C460E512}.Debug|Any CPU.ActiveCfg = Debug|Any CPU
		{95CE3592-9C51-482E-8FCD-A721C460E512}.Debug|Any CPU.Build.0 = Debug|Any CPU
		{95CE3592-9C51-482E-8FCD-A721C460E512}.Release|Any CPU.ActiveCfg = Release|Any CPU
		{95CE3592-9C51-482E-8FCD-A721C460E512}.Release|Any CPU.Build.0 = Release|Any CPU
	EndGlobalSection
	GlobalSection(SolutionProperties) = preSolution
		HideSolutionNode = FALSE
	EndGlobalSection
	GlobalSection(ExtensibilityGlobals) = postSolution
		SolutionGuid = {A06D0A57-8514-4BB5-A5E7-3163842D5BC5}
	EndGlobalSection
EndGlobal
