
Microsoft Visual Studio Solution File, Format Version 12.00
# Visual Studio Version 17
VisualStudioVersion = 17.9.34622.214
MinimumVisualStudioVersion = 10.0.40219.1
Project("{FAE04EC0-301F-11D3-BF4B-00C04F79EFBC}") = "L56P_DevWorkflow", "L56P_DevWorkflow\L56P_DevWorkflow.csproj", "{2DCECD90-3D8F-41BC-845E-A2F295583DC2}"
EndProject
Global
	GlobalSection(SolutionConfigurationPlatforms) = preSolution
		Debug|Any CPU = Debug|Any CPU
		Release|Any CPU = Release|Any CPU
	EndGlobalSection
	GlobalSection(ProjectConfigurationPlatforms) = postSolution
		{2DCECD90-3D8F-41BC-845E-A2F295583DC2}.Debug|Any CPU.ActiveCfg = Debug|Any CPU
		{2DCECD90-3D8F-41BC-845E-A2F295583DC2}.Debug|Any CPU.Build.0 = Debug|Any CPU
		{2DCECD90-3D8F-41BC-845E-A2F295583DC2}.Release|Any CPU.ActiveCfg = Release|Any CPU
		{2DCECD90-3D8F-41BC-845E-A2F295583DC2}.Release|Any CPU.Build.0 = Release|Any CPU
	EndGlobalSection
	GlobalSection(SolutionProperties) = preSolution
		HideSolutionNode = FALSE
	EndGlobalSection
	GlobalSection(ExtensibilityGlobals) = postSolution
		SolutionGuid = {87377089-2D2E-4815-8F5C-732465976CB4}
	EndGlobalSection
EndGlobal
