
Microsoft Visual Studio Solution File, Format Version 12.00
# Visual Studio Version 17
VisualStudioVersion = 17.7.34031.279
MinimumVisualStudioVersion = 10.0.40219.1
Project("{FAE04EC0-301F-11D3-BF4B-00C04F79EFBC}") = "L2_Syntax", "L2_Syntax\L2_Syntax.csproj", "{084DAC9C-61B8-4762-AB55-735A78E3D42B}"
EndProject
Global
	GlobalSection(SolutionConfigurationPlatforms) = preSolution
		Debug|Any CPU = Debug|Any CPU
		Release|Any CPU = Release|Any CPU
	EndGlobalSection
	GlobalSection(ProjectConfigurationPlatforms) = postSolution
		{084DAC9C-61B8-4762-AB55-735A78E3D42B}.Debug|Any CPU.ActiveCfg = Debug|Any CPU
		{084DAC9C-61B8-4762-AB55-735A78E3D42B}.Debug|Any CPU.Build.0 = Debug|Any CPU
		{084DAC9C-61B8-4762-AB55-735A78E3D42B}.Release|Any CPU.ActiveCfg = Release|Any CPU
		{084DAC9C-61B8-4762-AB55-735A78E3D42B}.Release|Any CPU.Build.0 = Release|Any CPU
	EndGlobalSection
	GlobalSection(SolutionProperties) = preSolution
		HideSolutionNode = FALSE
	EndGlobalSection
	GlobalSection(ExtensibilityGlobals) = postSolution
		SolutionGuid = {0E08321E-38B7-40C2-AEFB-E430B535DEBE}
	EndGlobalSection
EndGlobal
